
Microsoft Visual Studio Solution File, Format Version 12.00
# Visual Studio 15
VisualStudioVersion = 15.0.34526.175
MinimumVisualStudioVersion = 10.0.40219.1
Project("{FAE04EC0-301F-11D3-BF4B-00C04F79EFBC}") = "employeemanagementsystem", "employeemanagementsystem\employeemanagementsystem.csproj", "{7E4129E6-9033-424F-88E8-9B7885590BFF}"
EndProject
Global
	GlobalSection(SolutionConfigurationPlatforms) = preSolution
		Debug|Any CPU = Debug|Any CPU
		Release|Any CPU = Release|Any CPU
	EndGlobalSection
	GlobalSection(ProjectConfigurationPlatforms) = postSolution
		{7E4129E6-9033-424F-88E8-9B7885590BFF}.Debug|Any CPU.ActiveCfg = Debug|Any CPU
		{7E4129E6-9033-424F-88E8-9B7885590BFF}.Debug|Any CPU.Build.0 = Debug|Any CPU
		{7E4129E6-9033-424F-88E8-9B7885590BFF}.Release|Any CPU.ActiveCfg = Release|Any CPU
		{7E4129E6-9033-424F-88E8-9B7885590BFF}.Release|Any CPU.Build.0 = Release|Any CPU
	EndGlobalSection
	GlobalSection(SolutionProperties) = preSolution
		HideSolutionNode = FALSE
	EndGlobalSection
	GlobalSection(ExtensibilityGlobals) = postSolution
		SolutionGuid = {18A70DF9-EF1B-41BA-91DA-05681A9895F8}
	EndGlobalSection
EndGlobal
